
Microsoft Visual Studio Solution File, Format Version 12.00
# Visual Studio 15
VisualStudioVersion = 15.0.26730.16
MinimumVisualStudioVersion = 10.0.40219.1
Project("{888888A0-9F3D-457C-B088-3A5042F75D52}") = "SimpleCase", "SimpleCase\SimpleCase.pyproj", "{91A95D85-A423-4903-A7B4-E99131202684}"
EndProject
Global
	GlobalSection(SolutionConfigurationPlatforms) = preSolution
		Debug|Any CPU = Debug|Any CPU
		Release|Any CPU = Release|Any CPU
	EndGlobalSection
	GlobalSection(ProjectConfigurationPlatforms) = postSolution
		{91A95D85-A423-4903-A7B4-E99131202684}.Debug|Any CPU.ActiveCfg = Debug|Any CPU
		{91A95D85-A423-4903-A7B4-E99131202684}.Release|Any CPU.ActiveCfg = Release|Any CPU
	EndGlobalSection
	GlobalSection(SolutionProperties) = preSolution
		HideSolutionNode = FALSE
	EndGlobalSection
	GlobalSection(ExtensibilityGlobals) = postSolution
		SolutionGuid = {815A8650-FF59-4E14-AB10-0F2BC561521A}
	EndGlobalSection
EndGlobal
