
Microsoft Visual Studio Solution File, Format Version 12.00
# Visual Studio 15
VisualStudioVersion = 15.0.26730.16
MinimumVisualStudioVersion = 10.0.40219.1
Project("{888888A0-9F3D-457C-B088-3A5042F75D52}") = "zhihuSpider", "zhihuSpider.pyproj", "{CC273AA6-7708-4922-BB47-797E37A2A5A4}"
EndProject
Global
	GlobalSection(SolutionConfigurationPlatforms) = preSolution
		Debug|Any CPU = Debug|Any CPU
		Release|Any CPU = Release|Any CPU
	EndGlobalSection
	GlobalSection(ProjectConfigurationPlatforms) = postSolution
		{CC273AA6-7708-4922-BB47-797E37A2A5A4}.Debug|Any CPU.ActiveCfg = Debug|Any CPU
		{CC273AA6-7708-4922-BB47-797E37A2A5A4}.Release|Any CPU.ActiveCfg = Release|Any CPU
	EndGlobalSection
	GlobalSection(SolutionProperties) = preSolution
		HideSolutionNode = FALSE
	EndGlobalSection
	GlobalSection(ExtensibilityGlobals) = postSolution
		SolutionGuid = {D4298031-44B6-4496-8111-3C6FBB330B04}
	EndGlobalSection
EndGlobal
